
Microsoft Visual Studio Solution File, Format Version 12.00
# Visual Studio Version 16
VisualStudioVersion = 16.0.30907.101
MinimumVisualStudioVersion = 10.0.40219.1
Project("{8BC9CEB8-8B4A-11D0-8D11-00A0C91BC942}") = "Lesson_4.1_Samples", "Lesson_4.1_Samples.vcxproj", "{375E613A-99B8-4C0C-A891-2E5E2FEBAACC}"
EndProject
Global
	GlobalSection(SolutionConfigurationPlatforms) = preSolution
		Debug|x64 = Debug|x64
		Debug|x86 = Debug|x86
		Release|x64 = Release|x64
		Release|x86 = Release|x86
	EndGlobalSection
	GlobalSection(ProjectConfigurationPlatforms) = postSolution
		{375E613A-99B8-4C0C-A891-2E5E2FEBAACC}.Debug|x64.ActiveCfg = Debug|x64
		{375E613A-99B8-4C0C-A891-2E5E2FEBAACC}.Debug|x64.Build.0 = Debug|x64
		{375E613A-99B8-4C0C-A891-2E5E2FEBAACC}.Debug|x86.ActiveCfg = Debug|Win32
		{375E613A-99B8-4C0C-A891-2E5E2FEBAACC}.Debug|x86.Build.0 = Debug|Win32
		{375E613A-99B8-4C0C-A891-2E5E2FEBAACC}.Release|x64.ActiveCfg = Release|x64
		{375E613A-99B8-4C0C-A891-2E5E2FEBAACC}.Release|x64.Build.0 = Release|x64
		{375E613A-99B8-4C0C-A891-2E5E2FEBAACC}.Release|x86.ActiveCfg = Release|Win32
		{375E613A-99B8-4C0C-A891-2E5E2FEBAACC}.Release|x86.Build.0 = Release|Win32
	EndGlobalSection
	GlobalSection(SolutionProperties) = preSolution
		HideSolutionNode = FALSE
	EndGlobalSection
	GlobalSection(ExtensibilityGlobals) = postSolution
		SolutionGuid = {E5D3FB74-6034-40C7-B423-2ACADD75C8FC}
	EndGlobalSection
EndGlobal
